
Microsoft Visual Studio Solution File, Format Version 12.00
# Visual Studio Version 17
VisualStudioVersion = 17.4.33205.214
MinimumVisualStudioVersion = 10.0.40219.1
Project("{9A19103F-16F7-4668-BE54-9A1E7A4F7556}") = "Presentation", "tg-payment-webapi\Presentation.csproj", "{4D241824-4931-484D-A399-3E01EDF47BA0}"
EndProject
Project("{FAE04EC0-301F-11D3-BF4B-00C04F79EFBC}") = "Core", "Core\Core.csproj", "{79251A20-E32D-4E11-90AC-5C9B48C954E2}"
EndProject
Project("{FAE04EC0-301F-11D3-BF4B-00C04F79EFBC}") = "DataAccess", "DataAccess\DataAccess.csproj", "{43AE28EB-79BE-42CF-AF99-F7A1854D9B9B}"
EndProject
Project("{FAE04EC0-301F-11D3-BF4B-00C04F79EFBC}") = "Core.Test", "Core.Test\Core.Test.csproj", "{CF352BCF-FA27-407E-B135-79E7D4430847}"
EndProject
Global
	GlobalSection(SolutionConfigurationPlatforms) = preSolution
		Debug|Any CPU = Debug|Any CPU
		Release|Any CPU = Release|Any CPU
	EndGlobalSection
	GlobalSection(ProjectConfigurationPlatforms) = postSolution
		{4D241824-4931-484D-A399-3E01EDF47BA0}.Debug|Any CPU.ActiveCfg = Debug|Any CPU
		{4D241824-4931-484D-A399-3E01EDF47BA0}.Debug|Any CPU.Build.0 = Debug|Any CPU
		{4D241824-4931-484D-A399-3E01EDF47BA0}.Release|Any CPU.ActiveCfg = Release|Any CPU
		{4D241824-4931-484D-A399-3E01EDF47BA0}.Release|Any CPU.Build.0 = Release|Any CPU
		{79251A20-E32D-4E11-90AC-5C9B48C954E2}.Debug|Any CPU.ActiveCfg = Debug|Any CPU
		{79251A20-E32D-4E11-90AC-5C9B48C954E2}.Debug|Any CPU.Build.0 = Debug|Any CPU
		{79251A20-E32D-4E11-90AC-5C9B48C954E2}.Release|Any CPU.ActiveCfg = Release|Any CPU
		{79251A20-E32D-4E11-90AC-5C9B48C954E2}.Release|Any CPU.Build.0 = Release|Any CPU
		{43AE28EB-79BE-42CF-AF99-F7A1854D9B9B}.Debug|Any CPU.ActiveCfg = Debug|Any CPU
		{43AE28EB-79BE-42CF-AF99-F7A1854D9B9B}.Debug|Any CPU.Build.0 = Debug|Any CPU
		{43AE28EB-79BE-42CF-AF99-F7A1854D9B9B}.Release|Any CPU.ActiveCfg = Release|Any CPU
		{43AE28EB-79BE-42CF-AF99-F7A1854D9B9B}.Release|Any CPU.Build.0 = Release|Any CPU
		{CF352BCF-FA27-407E-B135-79E7D4430847}.Debug|Any CPU.ActiveCfg = Debug|Any CPU
		{CF352BCF-FA27-407E-B135-79E7D4430847}.Debug|Any CPU.Build.0 = Debug|Any CPU
		{CF352BCF-FA27-407E-B135-79E7D4430847}.Release|Any CPU.ActiveCfg = Release|Any CPU
		{CF352BCF-FA27-407E-B135-79E7D4430847}.Release|Any CPU.Build.0 = Release|Any CPU
	EndGlobalSection
	GlobalSection(SolutionProperties) = preSolution
		HideSolutionNode = FALSE
	EndGlobalSection
	GlobalSection(ExtensibilityGlobals) = postSolution
		SolutionGuid = {C9A4E550-18F6-41E1-979E-B115F2FA0FF2}
	EndGlobalSection
EndGlobal
